<?xml version="1.0" encoding="utf-8"?>
<Project ToolsVersion="4.0" xmlns="http://schemas.microsoft.com/developer/msbuild/2003">
  <ItemGroup>
    <Filter Include="Source Files">
      <UniqueIdentifier>{4FC737F1-C7A5-4376-A066-2A32D752A2FF}</UniqueIdentifier>
      <Extensions>cpp;c;cc;cxx;def;odl;idl;hpj;bat;asm;asmx</Extensions>
    </Filter>
    <Filter Include="Header Files">
      <UniqueIdentifier>{93995380-89BD-4b04-88EB-625FBE52EBFB}</UniqueIdentifier>
      <Extensions>h;hh;hpp;hxx;hm;inl;inc;xsd</Extensions>
    </Filter>
    <Filter Include="Resource Files">
      <UniqueIdentifier>{67DA6AB6-F800-4c08-8B7A-83BB121AAD01}</UniqueIdentifier>
      <Extensions>rc;ico;cur;bmp;dlg;rc2;rct;bin;rgs;gif;jpg;jpeg;jpe;resx;tiff;tif;png;wav;mfcribbon-ms</Extensions>
    </Filter>
  </ItemGroup>
  <ItemGroup>
    <ClCompile Include="SRC\ArcSynth\Abstracts\chapter.cc">
      <Filter>Source Files</Filter>
    </ClCompile>
    <ClCompile Include="SRC\ArcSynth\Chapters\chapter_one.cc">
      <Filter>Source Files</Filter>
    </ClCompile>
    <ClCompile Include="SRC\ArcSynth\Chapters\chapter_zero.cc">
      <Filter>Source Files</Filter>
    </ClCompile>
    <ClCompile Include="SRC\ArcSynth\Config\chapter_data.cc">
      <Filter>Source Files</Filter>
    </ClCompile>
    <ClCompile Include="SRC\ArcSynth\Config\config.cc">
      <Filter>Source Files</Filter>
    </ClCompile>
    <ClCompile Include="SRC\ArcSynth\Config\graphics_configuration.cc">
      <Filter>Source Files</Filter>
    </ClCompile>
    <ClCompile Include="SRC\ArcSynth\Config\system_configuration.cc">
      <Filter>Source Files</Filter>
    </ClCompile>
    <ClCompile Include="SRC\ArcSynth\OpenGL\glrenderer.cc">
      <Filter>Source Files</Filter>
    </ClCompile>
    <ClCompile Include="SRC\ArcSynth\OpenGL\shader.cc">
      <Filter>Source Files</Filter>
    </ClCompile>
    <ClCompile Include="SRC\ArcSynth\OpenGL\shader_manager.cc">
      <Filter>Source Files</Filter>
    </ClCompile>
    <ClCompile Include="SRC\ArcSynth\Win32\application.cc">
      <Filter>Source Files</Filter>
    </ClCompile>
    <ClCompile Include="SRC\ArcSynth\Win32\glextensions.cc">
      <Filter>Source Files</Filter>
    </ClCompile>
    <ClCompile Include="SRC\ArcSynth\Win32\win_main.cc">
      <Filter>Source Files</Filter>
    </ClCompile>
    <ClCompile Include="SRC\ArcSynth\keyboard.cc">
      <Filter>Source Files</Filter>
    </ClCompile>
    <ClCompile Include="SRC\ArcSynth\logger.cpp">
      <Filter>Source Files</Filter>
    </ClCompile>
    <ClCompile Include="SRC\ArcSynth\precompiled.cc">
      <Filter>Source Files</Filter>
    </ClCompile>
    <ClCompile Include="SRC\ArcSynth\timer.cc">
      <Filter>Source Files</Filter>
    </ClCompile>
    <ClCompile Include="SRC\ArcSynth\Chapters\chapter_two.cc">
      <Filter>Source Files</Filter>
    </ClCompile>
  </ItemGroup>
  <ItemGroup>
    <ClInclude Include="INC\ArcSynth\keyboard.h">
      <Filter>Header Files</Filter>
    </ClInclude>
    <ClInclude Include="INC\ArcSynth\logger.h">
      <Filter>Header Files</Filter>
    </ClInclude>
    <ClInclude Include="INC\ArcSynth\precompiled.h">
      <Filter>Header Files</Filter>
    </ClInclude>
    <ClInclude Include="INC\ArcSynth\timer.h">
      <Filter>Header Files</Filter>
    </ClInclude>
    <ClInclude Include="INC\ArcSynth\Abstracts\chapter.h">
      <Filter>Header Files</Filter>
    </ClInclude>
    <ClInclude Include="INC\ArcSynth\Chapters\chapter_one.h">
      <Filter>Header Files</Filter>
    </ClInclude>
    <ClInclude Include="INC\ArcSynth\Chapters\chapter_zero.h">
      <Filter>Header Files</Filter>
    </ClInclude>
    <ClInclude Include="INC\ArcSynth\Config\chapter_data.h">
      <Filter>Header Files</Filter>
    </ClInclude>
    <ClInclude Include="INC\ArcSynth\Config\graphics_configuration.h">
      <Filter>Header Files</Filter>
    </ClInclude>
    <ClInclude Include="INC\ArcSynth\Config\config.h">
      <Filter>Header Files</Filter>
    </ClInclude>
    <ClInclude Include="INC\ArcSynth\Config\system_configuration.h">
      <Filter>Header Files</Filter>
    </ClInclude>
    <ClInclude Include="INC\ArcSynth\OpenGL\glrenderer.h">
      <Filter>Header Files</Filter>
    </ClInclude>
    <ClInclude Include="INC\ArcSynth\OpenGL\shader.h">
      <Filter>Header Files</Filter>
    </ClInclude>
    <ClInclude Include="INC\ArcSynth\OpenGL\shader_manager.h">
      <Filter>Header Files</Filter>
    </ClInclude>
    <ClInclude Include="INC\ArcSynth\Win32\application.h">
      <Filter>Header Files</Filter>
    </ClInclude>
    <ClInclude Include="INC\ArcSynth\Win32\glextensions.h">
      <Filter>Header Files</Filter>
    </ClInclude>
    <ClInclude Include="INC\ArcSynth\Chapters\chapter_two.h">
      <Filter>Header Files</Filter>
    </ClInclude>
  </ItemGroup>
  <ItemGroup>
    <Xml Include="BUILD\Debug\Config.xml" />
    <Xml Include="DATA\chapterOne.xml" />
    <Xml Include="DATA\chapterTwo.xml" />
  </ItemGroup>
</Project>